
Microsoft Visual Studio Solution File, Format Version 12.00
# Visual Studio 15
Project("{FAE04EC0-301F-11D3-BF4B-00C04F79EFBC}") = "Assembly-CSharp", "Assembly-CSharp.csproj", "{722F92F5-9520-D266-F2B4-E22CF5FE7E9D}"
EndProject
Project("{FAE04EC0-301F-11D3-BF4B-00C04F79EFBC}") = "Assembly-CSharp-Editor", "Assembly-CSharp-Editor.csproj", "{8C2F655F-286A-6A2D-746B-60D15EEFC17E}"
EndProject
Global
	GlobalSection(SolutionConfigurationPlatforms) = preSolution
		Debug|Any CPU = Debug|Any CPU
		Release|Any CPU = Release|Any CPU
	EndGlobalSection
	GlobalSection(ProjectConfigurationPlatforms) = postSolution
		{722F92F5-9520-D266-F2B4-E22CF5FE7E9D}.Debug|Any CPU.ActiveCfg = Debug|Any CPU
		{722F92F5-9520-D266-F2B4-E22CF5FE7E9D}.Debug|Any CPU.Build.0 = Debug|Any CPU
		{722F92F5-9520-D266-F2B4-E22CF5FE7E9D}.Release|Any CPU.ActiveCfg = Release|Any CPU
		{722F92F5-9520-D266-F2B4-E22CF5FE7E9D}.Release|Any CPU.Build.0 = Release|Any CPU
		{8C2F655F-286A-6A2D-746B-60D15EEFC17E}.Debug|Any CPU.ActiveCfg = Debug|Any CPU
		{8C2F655F-286A-6A2D-746B-60D15EEFC17E}.Debug|Any CPU.Build.0 = Debug|Any CPU
		{8C2F655F-286A-6A2D-746B-60D15EEFC17E}.Release|Any CPU.ActiveCfg = Release|Any CPU
		{8C2F655F-286A-6A2D-746B-60D15EEFC17E}.Release|Any CPU.Build.0 = Release|Any CPU
	EndGlobalSection
	GlobalSection(SolutionProperties) = preSolution
		HideSolutionNode = FALSE
	EndGlobalSection
EndGlobal
